
Microsoft Visual Studio Solution File, Format Version 12.00
# Visual Studio Version 17
VisualStudioVersion = 17.2.32630.192
MinimumVisualStudioVersion = 10.0.40219.1
Project("{FAE04EC0-301F-11D3-BF4B-00C04F79EFBC}") = "Scenario1", "Scenario1.csproj", "{945083C2-37AF-4A29-A45B-E05AB1814260}"
EndProject
Project("{FAE04EC0-301F-11D3-BF4B-00C04F79EFBC}") = "Scenario3", "..\Scenario3\Scenario3.csproj", "{BDBD0DCD-F10D-4572-8FB1-FAAB980123C3}"
EndProject
Project("{FAE04EC0-301F-11D3-BF4B-00C04F79EFBC}") = "Scenario2", "..\Scenario2\Scenario2.csproj", "{17472E9A-FE00-4131-A8BA-02FC16F94444}"
EndProject
Global
	GlobalSection(SolutionConfigurationPlatforms) = preSolution
		Debug|Any CPU = Debug|Any CPU
		Release|Any CPU = Release|Any CPU
	EndGlobalSection
	GlobalSection(ProjectConfigurationPlatforms) = postSolution
		{945083C2-37AF-4A29-A45B-E05AB1814260}.Debug|Any CPU.ActiveCfg = Debug|Any CPU
		{945083C2-37AF-4A29-A45B-E05AB1814260}.Debug|Any CPU.Build.0 = Debug|Any CPU
		{945083C2-37AF-4A29-A45B-E05AB1814260}.Release|Any CPU.ActiveCfg = Release|Any CPU
		{945083C2-37AF-4A29-A45B-E05AB1814260}.Release|Any CPU.Build.0 = Release|Any CPU
		{BDBD0DCD-F10D-4572-8FB1-FAAB980123C3}.Debug|Any CPU.ActiveCfg = Debug|Any CPU
		{BDBD0DCD-F10D-4572-8FB1-FAAB980123C3}.Debug|Any CPU.Build.0 = Debug|Any CPU
		{BDBD0DCD-F10D-4572-8FB1-FAAB980123C3}.Release|Any CPU.ActiveCfg = Release|Any CPU
		{BDBD0DCD-F10D-4572-8FB1-FAAB980123C3}.Release|Any CPU.Build.0 = Release|Any CPU
		{17472E9A-FE00-4131-A8BA-02FC16F94444}.Debug|Any CPU.ActiveCfg = Debug|Any CPU
		{17472E9A-FE00-4131-A8BA-02FC16F94444}.Debug|Any CPU.Build.0 = Debug|Any CPU
		{17472E9A-FE00-4131-A8BA-02FC16F94444}.Release|Any CPU.ActiveCfg = Release|Any CPU
		{17472E9A-FE00-4131-A8BA-02FC16F94444}.Release|Any CPU.Build.0 = Release|Any CPU
	EndGlobalSection
	GlobalSection(SolutionProperties) = preSolution
		HideSolutionNode = FALSE
	EndGlobalSection
	GlobalSection(ExtensibilityGlobals) = postSolution
		SolutionGuid = {B76EE5A2-1306-4117-AEA6-ACEF56489F4B}
	EndGlobalSection
EndGlobal
